
Microsoft Visual Studio Solution File, Format Version 12.00
# Visual Studio Version 17
VisualStudioVersion = 17.14.36717.8
MinimumVisualStudioVersion = 10.0.40219.1
Project("{FAE04EC0-301F-11D3-BF4B-00C04F79EFBC}") = "CategoryService", "CategoryService\CategoryService.csproj", "{929E67EB-19C8-4D55-A218-E28D42090F91}"
EndProject
Project("{FAE04EC0-301F-11D3-BF4B-00C04F79EFBC}") = "CourseService", "CourseService\CourseService.csproj", "{0F31EBE0-E5B8-4605-A6FA-B391A6BE2CB6}"
EndProject
Project("{FAE04EC0-301F-11D3-BF4B-00C04F79EFBC}") = "GatewayProject", "GatewayProject\GatewayProject.csproj", "{A962660E-5865-4EC0-813A-096AD9491880}"
EndProject
Project("{FAE04EC0-301F-11D3-BF4B-00C04F79EFBC}") = "InstructorService", "InstructorService\InstructorService.csproj", "{3EB3399D-AAF2-4D18-869F-5BB146B2E234}"
EndProject
Global
	GlobalSection(SolutionConfigurationPlatforms) = preSolution
		Debug|Any CPU = Debug|Any CPU
		Release|Any CPU = Release|Any CPU
	EndGlobalSection
	GlobalSection(ProjectConfigurationPlatforms) = postSolution
		{929E67EB-19C8-4D55-A218-E28D42090F91}.Debug|Any CPU.ActiveCfg = Debug|Any CPU
		{929E67EB-19C8-4D55-A218-E28D42090F91}.Debug|Any CPU.Build.0 = Debug|Any CPU
		{929E67EB-19C8-4D55-A218-E28D42090F91}.Release|Any CPU.ActiveCfg = Release|Any CPU
		{929E67EB-19C8-4D55-A218-E28D42090F91}.Release|Any CPU.Build.0 = Release|Any CPU
		{0F31EBE0-E5B8-4605-A6FA-B391A6BE2CB6}.Debug|Any CPU.ActiveCfg = Debug|Any CPU
		{0F31EBE0-E5B8-4605-A6FA-B391A6BE2CB6}.Debug|Any CPU.Build.0 = Debug|Any CPU
		{0F31EBE0-E5B8-4605-A6FA-B391A6BE2CB6}.Release|Any CPU.ActiveCfg = Release|Any CPU
		{0F31EBE0-E5B8-4605-A6FA-B391A6BE2CB6}.Release|Any CPU.Build.0 = Release|Any CPU
		{A962660E-5865-4EC0-813A-096AD9491880}.Debug|Any CPU.ActiveCfg = Debug|Any CPU
		{A962660E-5865-4EC0-813A-096AD9491880}.Debug|Any CPU.Build.0 = Debug|Any CPU
		{A962660E-5865-4EC0-813A-096AD9491880}.Release|Any CPU.ActiveCfg = Release|Any CPU
		{A962660E-5865-4EC0-813A-096AD9491880}.Release|Any CPU.Build.0 = Release|Any CPU
		{3EB3399D-AAF2-4D18-869F-5BB146B2E234}.Debug|Any CPU.ActiveCfg = Debug|Any CPU
		{3EB3399D-AAF2-4D18-869F-5BB146B2E234}.Debug|Any CPU.Build.0 = Debug|Any CPU
		{3EB3399D-AAF2-4D18-869F-5BB146B2E234}.Release|Any CPU.ActiveCfg = Release|Any CPU
		{3EB3399D-AAF2-4D18-869F-5BB146B2E234}.Release|Any CPU.Build.0 = Release|Any CPU
	EndGlobalSection
	GlobalSection(SolutionProperties) = preSolution
		HideSolutionNode = FALSE
	EndGlobalSection
	GlobalSection(ExtensibilityGlobals) = postSolution
		SolutionGuid = {B496F8D5-7688-456E-BA75-E178D250CC52}
	EndGlobalSection
EndGlobal
